Microsoft Visual Studio Solution File, Format Version 12.00
# Visual Studio Version 17
VisualStudioVersion = 17.5.2.0
MinimumVisualStudioVersion = 10.0.40219.1
Project("{FAE04EC0-301F-11D3-BF4B-00C04F79EFBC}") = "UnitTestProject", "UnitTestProject.csproj", "{ADEFEC44-27D2-C888-B879-401F188E0A46}"
EndProject
Global
	GlobalSection(SolutionConfigurationPlatforms) = preSolution
		Debug|Any CPU = Debug|Any CPU
		Release|Any CPU = Release|Any CPU
	EndGlobalSection
	GlobalSection(ProjectConfigurationPlatforms) = postSolution
		{ADEFEC44-27D2-C888-B879-401F188E0A46}.Debug|Any CPU.ActiveCfg = Debug|Any CPU
		{ADEFEC44-27D2-C888-B879-401F188E0A46}.Debug|Any CPU.Build.0 = Debug|Any CPU
		{ADEFEC44-27D2-C888-B879-401F188E0A46}.Release|Any CPU.ActiveCfg = Release|Any CPU
		{ADEFEC44-27D2-C888-B879-401F188E0A46}.Release|Any CPU.Build.0 = Release|Any CPU
	EndGlobalSection
	GlobalSection(SolutionProperties) = preSolution
		HideSolutionNode = FALSE
	EndGlobalSection
	GlobalSection(ExtensibilityGlobals) = postSolution
		SolutionGuid = {DEEFB2AA-D725-4CB4-B41A-966C1BF1EDEA}
	EndGlobalSection
EndGlobal
